
Microsoft Visual Studio Solution File, Format Version 12.00
# Visual Studio Version 17
VisualStudioVersion = 17.6.33723.286
MinimumVisualStudioVersion = 10.0.40219.1
Project("{8BC9CEB8-8B4A-11D0-8D11-00A0C91BC942}") = "FileSystem", "FileSystem\FileSystem.vcxproj", "{CAABDE5D-3391-4179-BF13-FFFDAD38AC51}"
EndProject
Global
	GlobalSection(SolutionConfigurationPlatforms) = preSolution
		Debug|x64 = Debug|x64
		Debug|x86 = Debug|x86
		Release|x64 = Release|x64
		Release|x86 = Release|x86
	EndGlobalSection
	GlobalSection(ProjectConfigurationPlatforms) = postSolution
		{CAABDE5D-3391-4179-BF13-FFFDAD38AC51}.Debug|x64.ActiveCfg = Debug|x64
		{CAABDE5D-3391-4179-BF13-FFFDAD38AC51}.Debug|x64.Build.0 = Debug|x64
		{CAABDE5D-3391-4179-BF13-FFFDAD38AC51}.Debug|x86.ActiveCfg = Debug|Win32
		{CAABDE5D-3391-4179-BF13-FFFDAD38AC51}.Debug|x86.Build.0 = Debug|Win32
		{CAABDE5D-3391-4179-BF13-FFFDAD38AC51}.Release|x64.ActiveCfg = Release|x64
		{CAABDE5D-3391-4179-BF13-FFFDAD38AC51}.Release|x64.Build.0 = Release|x64
		{CAABDE5D-3391-4179-BF13-FFFDAD38AC51}.Release|x86.ActiveCfg = Release|Win32
		{CAABDE5D-3391-4179-BF13-FFFDAD38AC51}.Release|x86.Build.0 = Release|Win32
	EndGlobalSection
	GlobalSection(SolutionProperties) = preSolution
		HideSolutionNode = FALSE
	EndGlobalSection
	GlobalSection(ExtensibilityGlobals) = postSolution
		SolutionGuid = {F469812D-5862-4D25-8B93-DB065F8108E9}
	EndGlobalSection
EndGlobal
